<Solution>
  <Folder Name="/src/" />
  <Folder Name="/src/API/">
    <Project Path="AtlasBalance.API/AtlasBalance.API.csproj" />
  </Folder>
  <Folder Name="/src/Application/">
    <Project Path="AtlasBalance.Application/AtlasBalance.Application.csproj" />
  </Folder>
  <Folder Name="/src/Domain/">  
    <Project Path="AtlasBalance.Domain/AtlasBalance.Domain.csproj" />
  </Folder>
  <Folder Name="/src/Infrastructure/">
    <Project Path="AtlasBalance.Infrastructure/AtlasBalance.Infrastructure.csproj" />
  </Folder>
</Solution>
