<Solution>
  <Project Path="AtlasBalance.API/AtlasBalance.API.csproj" />
  <Project Path="AtlasBalance.Application/AtlasBalance.Application.csproj" />
  <Project Path="AtlasBalance.Domain/AtlasBalance.Domain.csproj" />
  <Project Path="AtlasBalance.Infrastructure/AtlasBalance.Infrastructure.csproj" />
</Solution>
